
Microsoft Visual Studio Solution File, Format Version 12.00
# Visual Studio Version 16
VisualStudioVersion = 16.0.31624.102
MinimumVisualStudioVersion = 10.0.40219.1
Project("{FAE04EC0-301F-11D3-BF4B-00C04F79EFBC}") = "postsMS", "postsMS\postsMS.csproj", "{0E626090-00E9-47F7-83D4-810BB6068CCF}"
EndProject
Global
	GlobalSection(SolutionConfigurationPlatforms) = preSolution
		Debug|Any CPU = Debug|Any CPU
		Release|Any CPU = Release|Any CPU
	EndGlobalSection
	GlobalSection(ProjectConfigurationPlatforms) = postSolution
		{0E626090-00E9-47F7-83D4-810BB6068CCF}.Debug|Any CPU.ActiveCfg = Debug|Any CPU
		{0E626090-00E9-47F7-83D4-810BB6068CCF}.Debug|Any CPU.Build.0 = Debug|Any CPU
		{0E626090-00E9-47F7-83D4-810BB6068CCF}.Release|Any CPU.ActiveCfg = Release|Any CPU
		{0E626090-00E9-47F7-83D4-810BB6068CCF}.Release|Any CPU.Build.0 = Release|Any CPU
	EndGlobalSection
	GlobalSection(SolutionProperties) = preSolution
		HideSolutionNode = FALSE
	EndGlobalSection
	GlobalSection(ExtensibilityGlobals) = postSolution
		SolutionGuid = {88761437-EDB2-43CA-A240-2485674ECD98}
	EndGlobalSection
EndGlobal
